cloud.google.com/go v0.81.0 h1:at8Tk2zUz63cLPR0JPWm5vp77pEZmzxEQBEfRKn1VV8=
cloud.google.com/go v0.81.0/go.mod h1:mk/AM35KwGk/Nm2YSeZbxXdrNK3KZOYHmLkOqC2V6E0=
github.com/PuerkitoBio/purell v1.1.1 h1:WEQqlqaGbrPkxLJWfBwQmfEAE1Z7ONdDLqrN38tNFfI=
github.com/PuerkitoBio/purell v1.1.1/go.mod h1:c11w/QuzBsJSee3cPx9rAFu61PvFxuPbtSwDGJws/X0=
github.com/PuerkitoBio/urlesc v0.0.0-20170810143723-de5bf2ad4578 h1:d+Bc7a5rLufV/sSk/8dngufqelfh6jnri85riMAaF/M=
github.com/PuerkitoBio/urlesc v0.0.0-20170810143723-de5bf2ad4578/go.mod h1:uGdkoq3SwY9Y+13GIhn11/XLaGBb4BfwItxLd5jeuXE=
github.com/alecthomas/template v0.0.0-20190718012654-fb15b899a751 h1:JYp7IbQjafoB+tBA3gMyHYHrpOtNuDiK/uB5uXxq5wM=
github.com/alecthomas/template v0.0.0-20190718012654-fb15b899a751/go.mod h1:LOuyumcjzFXgccqObfd/Ljyb9UuFJ6TxHnclSeseNhc=
github.com/alecthomas/units v0.0.0-20190924025748-f65c72e2690d h1:UQZhZ2O0vMHr2cI+DC1Mbh0TJxzA3RcLoMsFw+aXw7E=
github.com/alecthomas/units v0.0.0-20190924025748-f65c72e2690d/go.mod h1:rBZYJk541a8SKzHPHnH3zbiI+7dagKZ0cgpgrD7Fyho=
github.com/aws/aws-sdk-go v1.36.27 h1:wc3xLJJHog2SwiqlLnrLUuct/n+dBjB45QhuZw2psVE=
github.com/aws/aws-sdk-go v1.36.27/go.mod h1:hcU610XS61/+aQV88ixoOzUoG7v3b31pl2zKMmprdro=
github.com/beorn7/perks v1.0.1 h1:VlbKKnNfV8bJzeqoa4cOKqO6bYr3WgKZxO8Z16+hsOM=
github.com/beorn7/perks v1.0.1/go.mod h1:G2ZrVWU2WbWT9wwq4/hrbKbnv/1ERSJQ0ibhJ6rlkpw=
github.com/cenkalti/backoff/v4 v4.1.0 h1:c8LkOFQTzuO0WBM/ae5HdGQuZPfPxp7lqBRwQRm4fSc=
github.com/cenkalti/backoff/v4 v4.1.0/go.mod h1:scbssz8iZGpm3xbr14ovlUdkxfGXNInqkPWOWmG2CLw=
github.com/cespare/xxhash/v2 v2.1.1 h1:6MnRN8NT7+YBpUIWxHtefFZOKTAPgGjpQSxqLNn0+qY=
github.com/cespare/xxhash/v2 v2.1.1/go.mod h1:VGX0DQ3Q6kWi7AoAeZDth3/j3BFtOZR5XLFGgcrjCOs=
github.com/davecgh/go-spew v1.1.1 h1:vj9j/u1bqnvCEfJOwUhtlOARqs3+rkHYY13jYWTU97c=
github.com/davecgh/go-spew v1.1.1/go.mod h1:J7Y8YcW2NihsgmVo/mv3lAwl/skON4iLHjSsI+c5H38=
github.com/evanphx/json-patch v4.11.0+incompatible h1:glyUF9yIYtMHzn8xaKw5rMhdWcwsYV8dZHIq5567/xs=
github.com/evanphx/json-patch v4.11.0+incompatible/go.mod h1:50XU6AFN0ol/bzJsmQLiYLvXMP4fmwYFNcr97nuDLSk=
github.com/fsnotify/fsnotify v1.4.9 h1:hsms1Qyu0jgnwNXIxa+/V/PDsU6CfLf6CNO8H7IWoS4=
github.com/fsnotify/fsnotify v1.4.9/go.mod h1:znqG4EE+3YCdAaPaxE2ZRY/06pZUdp0tY4IgpuI1SZQ=
github.com/go-errors/errors v1.0.1 h1:LUHzmkK3GUKUrL/1gfBUxAHzcev3apQlezX/+O7ma6w=
github.com/go-errors/errors v1.0.1/go.mod h1:f4zRHt4oKfwPJE5k8C9vpYG+aDHdBFUsgrm6/TyX73Q=
github.com/go-logr/logr v0.4.0 h1:K7/B1jt6fIBQVd4Owv2MqGQClcgf0R266+7C/QjRcLc=
github.com/go-logr/logr v0.4.0/go.mod h1:z6/tIYblkpsD+a4lm/fGIIU9mZ+XfAiaFtq7xTgseGU=
github.com/go-logr/zapr v0.4.0 h1:uc1uML3hRYL9/ZZPdgHS/n8Nzo+eaYL/Efxkkamf7OM=
github.com/go-logr/zapr v0.4.0/go.mod h1:tabnROwaDl0UNxkVeFRbY8bwB37GwRv0P8lg6aAiEnk=
github.com/go-openapi/jsonpointer v0.19.5 h1:gZr+CIYByUqjcgeLXnQu2gHYQC9o73G2XUeOFYEICuY=
github.com/go-openapi/jsonpointer v0.19.5/go.mod h1:Pl9vOtqEWErmShwVjC8pYs9cog34VGT37dQOVbmoatg=
github.com/go-openapi/jsonreference v0.19.5 h1:1WJP/wi4OjB4iV8KVbH73rQaoialJrqv8gitZLxGLtM=
github.com/go-openapi/jsonreference v0.19.5/go.mod h1:RdybgQwPxbL4UEjuAruzK1x3nE69AqPYEJeo/TWfEeg=
github.com/go-openapi/swag v0.19.14 h1:gm3vOOXfiuw5i9p5N9xJvfjvuofpyvLA9Wr6QfK5Fng=
github.com/go-openapi/swag v0.19.14/go.mod h1:QYRuS/SOXUCsnplDa677K7+DxSOj6IPNl/eQntq43wQ=
github.com/gogo/protobuf v1.3.2 h1:Ov1cvc58UF3b5XjBnZv7+opcTcQFZebYjWzi34vdm4Q=
github.com/gogo/protobuf v1.3.2/go.mod h1:P1XiOD3dCwIKUDQYPy72D8LYyHL2YPYrpS2s69NZV8Q=
github.com/golang/groupcache v0.0.0-20210331224755-41bb18bfe9da h1:oI5xCqsCo564l8iNU+DwB5epxmsaqB+rhGL0m5jtYqE=
github.com/golang/groupcache v0.0.0-20210331224755-41bb18bfe9da/go.mod h1:cIg4eruTrX1D+g88fzRXU5OdNfaM+9IcxsU14FzY7Hc=
github.com/golang/protobuf v1.5.2 h1:ROPKBNFfQgOUMifHyP+KYbvpjbdoFNs+aK7DXlji0Tw=
github.com/golang/protobuf v1.5.2/go.mod h1:XVQd3VNwM+JqD3oG2Ue2ip4fOMUkwXdXDdiuN0vRsmY=
github.com/google/btree v1.0.1 h1:gK4Kx5IaGY9CD5sPJ36FHiBJ6ZXl0kilRiiCj+jdYp4=
github.com/google/btree v1.0.1/go.mod h1:xXMiIv4Fb/0kKde4SpL7qlzvu5cMJDRkFDxJfI9uaxA=
github.com/google/go-cmp v0.5.6 h1:BKbKCqvP6I+rmFHt06ZmyQtvB8xAkWdhFyr0ZUNZcxQ=
github.com/google/go-cmp v0.5.6/go.mod h1:v8dTdLbMG2kIc/vJvl+f65V22dbkXbowE6jgT/gNBxE=
github.com/google/gofuzz v1.1.0 h1:Hsa8mG0dQ46ij8Sl2AYJDUv1oA9/d6Vk+3LG99Oe02g=
github.com/google/gofuzz v1.1.0/go.mod h1:dBl0BpW6vV/+mYPU4Po3pmUjxk6FQPldtuIdl/M65Eg=
github.com/google/shlex v0.0.0-20191202100458-e7afc7fbc510 h1:El6M4kTTCOh6aBiKaUGG7oYTSPP8MxqL4YI3kZKwcP4=
github.com/google/shlex v0.0.0-20191202100458-e7afc7fbc510/go.mod h1:pupxD2MaaD3pAXIBCelhxNneeOaAeabZDe5s4K6zSpQ=
github.com/google/uuid v1.1.5 h1:kxhtnfFVi+rYdOALN0B3k9UT86zVJKfBimRaciULW4I=
github.com/google/uuid v1.1.5/go.mod h1:TIyPZe4MgqvfeYDBFedMoGGpEw/LqOeaOT+nhxU+yHo=
github.com/googleapis/gnostic v0.5.5 h1:9fHAtK0uDfpveeqqo1hkEZJcFvYXAiCN3UutL8F9xHw=
github.com/googleapis/gnostic v0.5.5/go.mod h1:7+EbHbldMins07ALC74bsA81Ovc97DwqyJO1AENw9kA=
github.com/gorilla/websocket v1.4.2 h1:+/TMaTYc4QFitKJxsQ7Yye35DkWvkdLcvGKqM+x0Ufc=
github.com/gorilla/websocket v1.4.2/go.mod h1:YR8l580nyteQvAITg2hZ9XVh4b55+EU/adAjf1fMHhE=
github.com/gregjones/httpcache v0.0.0-20180305231024-9cad4c3443a7 h1:pdN6V1QBWetyv/0+wjACpqVH+eVULgEjkurDLq3goeM=
github.com/gregjones/httpcache v0.0.0-20180305231024-9cad4c3443a7/go.mod h1:FecbI9+v66THATjSRHfNgh1IVFe/9kFxbXtjV0ctIMA=
github.com/hashicorp/go-version v1.4.0 h1:aAQzgqIrRKRa7w75CKpbBxYsmUoPjzVm1W59ca1L0J4=
github.com/hashicorp/go-version v1.4.0/go.mod h1:fltr4n8CU8Ke44wwGCBoEymUuxUHl09ZGVZPK5anwXA=
github.com/imdario/mergo v0.3.12 h1:b6R2BslTbIEToALKP7LxUvijTsNI9TAe80pLWN2g/HU=
github.com/imdario/mergo v0.3.12/go.mod h1:jmQim1M+e3UYxmgPu/WyfjB3N3VflVyUjjjwH0dnCYA=
github.com/inconshreveable/mousetrap v1.0.0 h1:Z8tu5sraLXCXIcARxBp/8cbvlwVa7Z1NHg9XEKhtSvM=
github.com/inconshreveable/mousetrap v1.0.0/go.mod h1:PxqpIevigyE2G7u3NXJIT2ANytuPF1OarO4DADm73n8=
github.com/jmespath/go-jmespath v0.4.0 h1:BEgLn5cpjn8UN1mAw4NjwDrS35OdebyEtFe+9YPoQUg=
github.com/jmespath/go-jmespath v0.4.0/go.mod h1:T8mJZnbsbmF+m6zOOFylbeCJqk5+pHWvzYPziyZiYoo=
github.com/josharian/intern v1.0.0 h1:vlS4z54oSdjm0bgjRigI+G1HpF+tI+9rE5LLzOg8HmY=
github.com/josharian/intern v1.0.0/go.mod h1:5DoeVV0s6jJacbCEi61lwdGj/aVlrQvzHFFd8Hwg//Y=
github.com/json-iterator/go v1.1.11 h1:uVUAXhF2To8cbw/3xN3pxj6kk7TYKs98NIrTqPlMWAQ=
github.com/json-iterator/go v1.1.11/go.mod h1:KdQUCv79m/52Kvf8AW2vK1V8akMuk1QjK/uOdHXbAo4=
github.com/liggitt/tabwriter v0.0.0-20181228230101-89fcab3d43de h1:9TO3cAIGXtEhnIaL+V+BEER86oLrvS+kWobKpbJuye0=
github.com/liggitt/tabwriter v0.0.0-20181228230101-89fcab3d43de/go.mod h1:zAbeS9B/r2mtpb6U+EI2rYA5OAXxsYw6wTamcNW+zcE=
github.com/logrusorgru/aurora v2.0.3+incompatible h1:tOpm7WcpBTn4fjmVfgpQq0EfczGlG91VSDkswnjF5A8=
github.com/logrusorgru/aurora v2.0.3+incompatible/go.mod h1:7rIyQOR62GCctdiQpZ/zOJlFyk6y+94wXzv6RNZgaR4=
github.com/mailru/easyjson v0.7.6 h1:8yTIVnZgCoiM1TgqoeTl+LfU5Jg6/xL3QhGQnimLYnA=
github.com/mailru/easyjson v0.7.6/go.mod h1:xzfreul335JAWq5oZzymOObrkdz5UnU4kGfJJLY9Nlc=
github.com/mattn/go-isatty v0.0.12 h1:wuysRhFDzyxgEmMf5xjvJ2M9dZoWAXNNr5LSBS7uHXY=
github.com/mattn/go-isatty v0.0.12/go.mod h1:cbi8OIDigv2wuxKPP5vlRcQ1OAZbq2CE4Kysco4FUpU=
github.com/matttproud/golang_protobuf_extensions v1.0.2-0.20181231171920-c182affec369 h1:I0XW9+e1XWDxdcEniV4rQAIOPUGDq67JSCiRCgGCZLI=
github.com/matttproud/golang_protobuf_extensions v1.0.2-0.20181231171920-c182affec369/go.mod h1:BSXmuO+STAnVfrANrmjBb36TMTDstsz7MSK+HVaYKv4=
github.com/modern-go/concurrent v0.0.0-20180306012644-bacd9c7ef1dd h1:TRLaZ9cD/w8PVh93nsPXa1VrQ6jlwL5oN8l14QlcNfg=
github.com/modern-go/concurrent v0.0.0-20180306012644-bacd9c7ef1dd/go.mod h1:6dJC0mAP4ikYIbvyc7fijjWJddQyLn8Ig3JB5CqoB9Q=
github.com/modern-go/reflect2 v1.0.1 h1:9f412s+6RmYXLWZSEzVVgPGK7C2PphHj5RJrvfx9AWI=
github.com/modern-go/reflect2 v1.0.1/go.mod h1:bx2lNnkwVCuqBIxFjflWJWanXIb3RllmbCylyMrvgv0=
github.com/monochromegane/go-gitignore v0.0.0-20200626010858-205db1a8cc00 h1:n6/2gBQ3RWajuToeY6ZtZTIKv2v7ThUy5KKusIT0yc0=
github.com/monochromegane/go-gitignore v0.0.0-20200626010858-205db1a8cc00/go.mod h1:Pm3mSP3c5uWn86xMLZ5Sa7JB9GsEZySvHYXCTK4E9q4=
github.com/operator-framework/operator-lib v0.9.0 h1:Nv1Qk+cRqi5Xm0nxQ4g2ymbiys0fywAYa6KWJMAFudM=
github.com/operator-framework/operator-lib v0.9.0/go.mod h1:2Z32GTTJUz2/f+OKcoJXsVnAyRwcXx7mGmQsdhIAIIE=
github.com/peterbourgon/diskv v2.0.1+incompatible h1:UBdAOUP5p4RWqPBg048CAvpKN+vxiaj6gdUUzhl4XmI=
github.com/peterbourgon/diskv v2.0.1+incompatible/go.mod h1:uqqh8zWWbv1HBMNONnaR/tNboyR3/BZd58JJSHlUSCU=
github.com/pkg/errors v0.9.1 h1:FEBLx1zS214owpjy7qsBeixbURkuhQAwrK5UwLGTwt4=
github.com/pkg/errors v0.9.1/go.mod h1:bwawxfHBFNV+L2hUp1rHADufV3IMtnDRdf1r5NINEl0=
github.com/pmezard/go-difflib v1.0.0 h1:4DBwDE0NGyQoBHbLQYPwSUPoCMWR5BEzIk/f1lZbAQM=
github.com/pmezard/go-difflib v1.0.0/go.mod h1:iKH77koFhYxTK1pcRnkKkqfTogsbg7gZNVY4sRDYZ/4=
github.com/prometheus/client_golang v1.11.0 h1:HNkLOAEQMIDv/K+04rukrLx6ch7msSRwf3/SASFAGtQ=
github.com/prometheus/client_golang v1.11.0/go.mod h1:Z6t4BnS23TR94PD6BsDNk8yVqroYurpAkEiz0P2BEV0=
github.com/prometheus/client_model v0.2.0 h1:uq5h0d+GuxiXLJLNABMgp2qUWDPiLvgCzz2dUR+/W/M=
github.com/prometheus/client_model v0.2.0/go.mod h1:xMI15A0UPsDsEKsMN9yxemIoYk6Tm2C1GtYGdfGttqA=
github.com/prometheus/common v0.28.0 h1:vGVfV9KrDTvWt5boZO0I19g2E3CsWfpPPKZM9dt3mEw=
github.com/prometheus/common v0.28.0/go.mod h1:vu+V0TpY+O6vW9J44gczi3Ap/oXXR10b+M/gUGO4Hls=
github.com/prometheus/procfs v0.6.0 h1:mxy4L2jP6qMonqmq+aTtOx1ifVWUgG/TAmntgbh3xv4=
github.com/prometheus/procfs v0.6.0/go.mod h1:cz+aTbrPOrUb4q7XlbU9ygM+/jj0fzG6c1xBZuNvfVA=
github.com/slack-go/slack v0.7.4 h1:Z+7CmUDV+ym4lYLA4NNLFIpr3+nDgViHrx8xsuXgrYs=
github.com/slack-go/slack v0.7.4/go.mod h1:FGqNzJBmxIsZURAxh2a8D21AnOVvvXZvGligs4npPUM=
github.com/spf13/cobra v1.2.1 h1:+KmjbUw1hriSNMF55oPrkZcb27aECyrj8V2ytv7kWDw=
github.com/spf13/cobra v1.2.1/go.mod h1:ExllRjgxM/piMAM+3tAZvg8fsklGAf3tPfi+i8t68Nk=
github.com/spf13/pflag v1.0.5 h1:iy+VFUOCP1a+8yFto/drg2CJ5u0yRoB7fZw3DKv/JXA=
github.com/spf13/pflag v1.0.5/go.mod h1:McXfInJRrz4CZXVZOBLb0bTZqETkiAhM9Iw0y3An2Bg=
github.com/stretchr/testify v1.7.0 h1:nwc3DEeHmmLAfoZucVR881uASk0Mfjw8xYJ99tb5CcY=
github.com/stretchr/testify v1.7.0/go.mod h1:6Fq8oRcR53rry900zMqJjRRixrwX3KX962/h/Wwjteg=
github.com/xlab/treeprint v0.0.0-20181112141820-a009c3971eca h1:1CFlNzQhALwjS9mBAUkycX616GzgsuYUOCHA5+HSlXI=
github.com/xlab/treeprint v0.0.0-20181112141820-a009c3971eca/go.mod h1:ce1O1j6UtZfjr22oyGxGLbauSBp2YVXpARAosm7dHBg=
go.starlark.net v0.0.0-20200306205701-8dd3e2ee1dd5 h1:+FNtrFTmVw0YZGpBGX56XDee331t6JAXeK2bcyhLOOc=
go.starlark.net v0.0.0-20200306205701-8dd3e2ee1dd5/go.mod h1:nmDLcffg48OtT/PSW0Hg7FvpRQsQh5OSqIylirxKC7o=
go.uber.org/atomic v1.7.0 h1:ADUqmZGgLDDfbSL9ZmPxKTybcoEYHgpYfELNoN+7hsw=
go.uber.org/atomic v1.7.0/go.mod h1:fEN4uk6kAWBTFdckzkM89CLk9XfWZrxpCo0nPH17wJc=
go.uber.org/multierr v1.6.0 h1:y6IPFStTAIT5Ytl7/XYmHvzXQ7S3g/IeZW9hyZ5thw4=
go.uber.org/multierr v1.6.0/go.mod h1:cdWPpRnG4AhwMwsgIHip0KRBQjJy5kYEpYjJxpXp9iU=
go.uber.org/zap v1.19.0 h1:mZQZefskPPCMIBCSEH0v2/iUqqLrYtaeqwD6FUGUnFE=
go.uber.org/zap v1.19.0/go.mod h1:xg/QME4nWcxGxrpdeYfq7UvYrLh66cuVKdrbD1XF/NI=
golang.org/x/net v0.0.0-20211209124913-491a49abca63 h1:iocB37TsdFuN6IBRZ+ry36wrkoV51/tl5vOWqkcPGvY=
golang.org/x/net v0.0.0-20211209124913-491a49abca63/go.mod h1:9nx3DQGgdP8bBQD5qxJ1jj9UTztislL4KSBs9R2vV5Y=
golang.org/x/oauth2 v0.0.0-20210514164344-f6687ab2804c h1:pkQiBZBvdos9qq4wBAHqlzuZHEXo07pqV06ef90u1WI=
golang.org/x/oauth2 v0.0.0-20210514164344-f6687ab2804c/go.mod h1:KelEdhl1UZF7XfJ4dDtk6s++YSgaE7mD/BuKKDLBl4A=
golang.org/x/sys v0.0.0-20210817190340-bfb29a6856f2 h1:c8PlLMqBbOHoqtjteWm5/kbe6rNY2pbRfbIMVnepueo=
golang.org/x/sys v0.0.0-20210817190340-bfb29a6856f2/go.mod h1:oPkhp1MJrh7nUepCBck5+mAzfO9JrbApNNgaTdGDITg=
golang.org/x/term v0.0.0-20210220032956-6a3ed077a48d h1:SZxvLBoTP5yHO3Frd4z4vrF+DBX9vMVanchswa69toE=
golang.org/x/term v0.0.0-20210220032956-6a3ed077a48d/go.mod h1:bj7SfCRtBDWHUb9snDiAeCFNEtKQo2Wmx5Cou7ajbmo=
golang.org/x/text v0.3.6 h1:aRYxNxv6iGQlyVaZmk6ZgYEDa+Jg18DxebPSrd6bg1M=
golang.org/x/text v0.3.6/go.mod h1:5Zoc/QRtKVWzQhOtBMvqHzDpF6irO9z98xDceosuGiQ=
golang.org/x/time v0.0.0-20210723032227-1f47c861a9ac h1:7zkz7BUtwNFFqcowJ+RIgu2MaV/MapERkDIy+mwPyjs=
golang.org/x/time v0.0.0-20210723032227-1f47c861a9ac/go.mod h1:tRJNPiyCQ0inRvYxbN9jk5I+vvW/OXSQhTDSoE431IQ=
gomodules.xyz/jsonpatch/v2 v2.2.0 h1:4pT439QV83L+G9FkcCriY6EkpcK6r6bK+A5FBUMI7qY=
gomodules.xyz/jsonpatch/v2 v2.2.0/go.mod h1:WXp+iVDkoLQqPudfQ9GBlwB2eZ5DKOnjQZCYdOS8GPY=
google.golang.org/appengine v1.6.7 h1:FZR1q0exgwxzPzp/aF+VccGrSfxfPpkBqjIIEq3ru6c=
google.golang.org/appengine v1.6.7/go.mod h1:8WjMMxjGQR8xUklV/ARdw2HLXBOI7O7uCIDZVag1xfc=
google.golang.org/protobuf v1.26.0 h1:bxAC2xTBsZGibn2RTntX0oH50xLsqy1OxA9tTL3p/lk=
google.golang.org/protobuf v1.26.0/go.mod h1:9q0QmTI4eRPtz6boOQmLYwt+qCgq0jsYwAQnmE0givc=
gopkg.in/alecthomas/kingpin.v2 v2.2.6 h1:jMFz6MfLP0/4fUyZle81rXUoxOBFi19VUFKVDOQfozc=
gopkg.in/alecthomas/kingpin.v2 v2.2.6/go.mod h1:FMv+mEhP44yOT+4EoQTLFTRgOQ1FBLkstjWtayDeSgw=
gopkg.in/inf.v0 v0.9.1 h1:73M5CoZyi3ZLMOyDlQh031Cx6N9NDJ2Vvfl76EDAgDc=
gopkg.in/inf.v0 v0.9.1/go.mod h1:cWUDdTG/fYaXco+Dcufb5Vnc6Gp2YChqWtbxRZE0mXw=
gopkg.in/yaml.v2 v2.4.0 h1:D8xgwECY7CYvx+Y2n4sBz93Jn9JRvxdiyyo8CTfuKaY=
gopkg.in/yaml.v2 v2.4.0/go.mod h1:RDklbk79AGWmwhnvt/jBztapEOGDOx6ZbXqjP6csGnQ=
gopkg.in/yaml.v3 v3.0.0-20210107192922-496545a6307b h1:h8qDotaEPuJATrMmW04NCwg7v22aHH28wwpauUhK9Oo=
gopkg.in/yaml.v3 v3.0.0-20210107192922-496545a6307b/go.mod h1:K4uyk7z7BCEPqu6E+C64Yfv1cQ7kz7rIZviUmN+EgEM=
k8s.io/api v0.22.6 h1:acjE5ABt0KpsBI9QCtLqaQEPSF94jOtE/LoFxSYasSE=
k8s.io/api v0.22.6/go.mod h1:q1F7IfaNrbi/83ebLy3YFQYLjPSNyunZ/IXQxMmbwCg=
k8s.io/apimachinery v0.22.6 h1:z7vxNRkFX0NToA+8D17kzLZ/T4t+DqwzUlqqbqRepRs=
k8s.io/apimachinery v0.22.6/go.mod h1:ZvVLP5iLhwVFg2Yx9Gh5W0um0DUauExbRhe+2Z8I1EU=
k8s.io/cli-runtime v0.22.6 h1:kUwQjxWKVr2Mt17476RDhtaMLoolI9q3EfKp7YydH7k=
k8s.io/cli-runtime v0.22.6/go.mod h1:UY6oHyBUZ/y0O6ovyyPy++S5LdijxJSOizXsrAP+qKU=
k8s.io/client-go v0.22.6 h1:ugAXeC312xeGXsn7zTRz+btgtLBnW3qYhtUUpVQL7YE=
k8s.io/client-go v0.22.6/go.mod h1:TffU4AV2idZGeP+g3kdFZP+oHVHWPL1JYFySOALriw0=
k8s.io/component-base v0.22.1 h1:SFqIXsEN3v3Kkr1bS6rstrs1wd45StJqbtgbQ4nRQdo=
k8s.io/component-base v0.22.1/go.mod h1:0D+Bl8rrnsPN9v0dyYvkqFfBeAd4u7n77ze+p8CMiPo=
k8s.io/klog v1.0.0 h1:Pt+yjF5aB1xDSVbau4VsWe+dQNzA0qv1LlXdC2dF6Q8=
k8s.io/klog v1.0.0/go.mod h1:4Bi6QPql/J/LkTDqv7R/cd3hPo4k2DG6Ptcz060Ez5I=
k8s.io/klog/v2 v2.9.0 h1:D7HV+n1V57XeZ0m6tdRkfknthUaM06VFbWldOFh8kzM=
k8s.io/klog/v2 v2.9.0/go.mod h1:hy9LJ/NvuK+iVyP4Ehqva4HxZG/oXyIS3n3Jmire4Ec=
k8s.io/kube-openapi v0.0.0-20211109043538-20434351676c h1:jvamsI1tn9V0S8jicyX82qaFC0H/NKxv2e5mbqsgR80=
k8s.io/kube-openapi v0.0.0-20211109043538-20434351676c/go.mod h1:vHXdDvt9+2spS2Rx9ql3I8tycm3H9FDfdUoIuKCefvw=
k8s.io/utils v0.0.0-20210819203725-bdf08cb9a70a h1:8dYfu/Fc9Gz2rNJKB9IQRGgQOh2clmRzNIPPY1xLY5g=
k8s.io/utils v0.0.0-20210819203725-bdf08cb9a70a/go.mod h1:jPW/WVKK9YHAvNhRxK0md/EJ228hCsBRufyofKtW8HA=
sigs.k8s.io/controller-runtime v0.10.0 h1:HgyZmMpjUOrtkaFtCnfxsR1bGRuFoAczSNbn2MoKj5U=
sigs.k8s.io/controller-runtime v0.10.0/go.mod h1:GCdh6kqV6IY4LK0JLwX0Zm6g233RtVGdb/f0+KSfprg=
sigs.k8s.io/kustomize/api v0.8.11 h1:LzQzlq6Z023b+mBtc6v72N2mSHYmN8x7ssgbf/hv0H8=
sigs.k8s.io/kustomize/api v0.8.11/go.mod h1:a77Ls36JdfCWojpUqR6m60pdGY1AYFix4AH83nJtY1g=
sigs.k8s.io/kustomize/kyaml v0.11.0 h1:9KhiCPKaVyuPcgOLJXkvytOvjMJLoxpjodiycb4gHsA=
sigs.k8s.io/kustomize/kyaml v0.11.0/go.mod h1:GNMwjim4Ypgp/MueD3zXHLRJEjz7RvtPae0AwlvEMFM=
sigs.k8s.io/structured-merge-diff/v4 v4.2.1 h1:bKCqE9GvQ5tiVHn5rfn1r+yao3aLQEaLzkkmAkf+A6Y=
sigs.k8s.io/structured-merge-diff/v4 v4.2.1/go.mod h1:j/nl6xW8vLS49O8YvXW1ocPhZawJtm+Yrr7PPRQ0Vg4=
sigs.k8s.io/yaml v1.2.0 h1:kr/MCeFWJWTwyaHoR9c8EjH9OumOmoF9YGiZd7lFm/Q=
sigs.k8s.io/yaml v1.2.0/go.mod h1:yfXDCHCao9+ENCvLSE62v9VSji2MKu5jeNfTrofGhJc=
